// !$*UTF8*$!
{
	archiveVersion = 1;
	classes = {
	};
	objectVersion = 55;
	objects = {

/* Begin PBXBuildFile section */
		2103EF0CE1A56556457A2E99 /* Pods_Spaminataro202208_Spaminataro202208UITests.framework in Frameworks */ = {isa = PBXBuildFile; fileRef = E40296538CB309BFD7408A42 /* Pods_Spaminataro202208_Spaminataro202208UITests.framework */; };
		4CE44C154CBC7B53ABC81546 /* Pods_Spaminataro202208Tests.framework in Frameworks */ = {isa = PBXBuildFile; fileRef = 590D615384F54722F6FF9AB2 /* Pods_Spaminataro202208Tests.framework */; };
		5CCF6FF23D95F8F3C6B19A46 /* Pods_Spaminataro202208.framework in Frameworks */ = {isa = PBXBuildFile; fileRef = E46140637FD4365EEAFC716C /* Pods_Spaminataro202208.framework */; };
		887A7EDC28AE78FD00AC4251 /* Settings.bundle in Resources */ = {isa = PBXBuildFile; fileRef = 887A7EDB28AE78FD00AC4251 /* Settings.bundle */; };
		88B4D16128B0D73E00497147 /* SplashView.swift in Sources */ = {isa = PBXBuildFile; fileRef = 88B4D16028B0D73E00497147 /* SplashView.swift */; };
		88B4D16328B0D7DA00497147 /* CalendarExtension.swift in Sources */ = {isa = PBXBuildFile; fileRef = 88B4D16228B0D7DA00497147 /* CalendarExtension.swift */; };
		88B4D16528B0D80100497147 /* DateExtension.swift in Sources */ = {isa = PBXBuildFile; fileRef = 88B4D16428B0D80100497147 /* DateExtension.swift */; };
		88B4D16928B0D85800497147 /* ImageExtension.swift in Sources */ = {isa = PBXBuildFile; fileRef = 88B4D16828B0D85800497147 /* ImageExtension.swift */; };
		88B4D16B28B0D88F00497147 /* LocaleExtension.swift in Sources */ = {isa = PBXBuildFile; fileRef = 88B4D16A28B0D88F00497147 /* LocaleExtension.swift */; };
		88B4D16E28B0D8DC00497147 /* Const.swift in Sources */ = {isa = PBXBuildFile; fileRef = 88B4D16D28B0D8DC00497147 /* Const.swift */; };
		88B4D17128B0D8F300497147 /* TimePeriod.swift in Sources */ = {isa = PBXBuildFile; fileRef = 88B4D17028B0D8F300497147 /* TimePeriod.swift */; };
		88B4D17428B0D9F600497147 /* LoginView.swift in Sources */ = {isa = PBXBuildFile; fileRef = 88B4D17328B0D9F600497147 /* LoginView.swift */; };
		88B4D17828B0DA3800497147 /* TabControlView.swift in Sources */ = {isa = PBXBuildFile; fileRef = 88B4D17728B0DA3800497147 /* TabControlView.swift */; };
		88B4D17B28B0DB4B00497147 /* UIColorExtension.swift in Sources */ = {isa = PBXBuildFile; fileRef = 88B4D17A28B0DB4B00497147 /* UIColorExtension.swift */; };
		88B4D17D28B0DB9600497147 /* ColorExtension.swift in Sources */ = {isa = PBXBuildFile; fileRef = 88B4D17C28B0DB9600497147 /* ColorExtension.swift */; };
		88B4D18228B0DC1700497147 /* SettingView.swift in Sources */ = {isa = PBXBuildFile; fileRef = 88B4D18128B0DC1700497147 /* SettingView.swift */; };
		88B4D18428B0DC2400497147 /* RankingView.swift in Sources */ = {isa = PBXBuildFile; fileRef = 88B4D18328B0DC2400497147 /* RankingView.swift */; };
		88B4D18628B0DC2D00497147 /* HomeView.swift in Sources */ = {isa = PBXBuildFile; fileRef = 88B4D18528B0DC2D00497147 /* HomeView.swift */; };
		88B4D18828B0DC3600497147 /* HomeViewModel.swift in Sources */ = {isa = PBXBuildFile; fileRef = 88B4D18728B0DC3600497147 /* HomeViewModel.swift */; };
		CB4753F028ADC48400719AE5 /* Spaminataro202208App.swift in Sources */ = {isa = PBXBuildFile; fileRef = CB4753EF28ADC48400719AE5 /* Spaminataro202208App.swift */; };
		CB4753F428ADC48500719AE5 /* Assets.xcassets in Resources */ = {isa = PBXBuildFile; fileRef = CB4753F328ADC48500719AE5 /* Assets.xcassets */; };
		CB4753F728ADC48500719AE5 /* Preview Assets.xcassets in Resources */ = {isa = PBXBuildFile; fileRef = CB4753F628ADC48500719AE5 /* Preview Assets.xcassets */; };
		CB47540128ADC48500719AE5 /* Spaminataro202208Tests.swift in Sources */ = {isa = PBXBuildFile; fileRef = CB47540028ADC48500719AE5 /* Spaminataro202208Tests.swift */; };
		CB47540B28ADC48500719AE5 /* Spaminataro202208UITests.swift in Sources */ = {isa = PBXBuildFile; fileRef = CB47540A28ADC48500719AE5 /* Spaminataro202208UITests.swift */; };
		CB47540D28ADC48500719AE5 /* Spaminataro202208UITestsLaunchTests.swift in Sources */ = {isa = PBXBuildFile; fileRef = CB47540C28ADC48500719AE5 /* Spaminataro202208UITestsLaunchTests.swift */; };
		CB47541E28AFAD7000719AE5 /* GoogleService-Info.plist in Resources */ = {isa = PBXBuildFile; fileRef = CB47541D28AFAD7000719AE5 /* GoogleService-Info.plist */; };
		CB5ECC2728B16D04001B6A61 /* User.swift in Sources */ = {isa = PBXBuildFile; fileRef = CB5ECC2628B16D04001B6A61 /* User.swift */; };
		CB5ECC2928B16D16001B6A61 /* Seed.swift in Sources */ = {isa = PBXBuildFile; fileRef = CB5ECC2828B16D16001B6A61 /* Seed.swift */; };
		CB5ECC2B28B17823001B6A61 /* CultivatingView.swift in Sources */ = {isa = PBXBuildFile; fileRef = CB5ECC2A28B17823001B6A61 /* CultivatingView.swift */; };
		CB5ECC3028B195F5001B6A61 /* LocalStroage.swift in Sources */ = {isa = PBXBuildFile; fileRef = CB5ECC2F28B195F5001B6A61 /* LocalStroage.swift */; };
		CB5ECC3228B19F50001B6A61 /* SplashViewModel.swift in Sources */ = {isa = PBXBuildFile; fileRef = CB5ECC3128B19F50001B6A61 /* SplashViewModel.swift */; };
/* End PBXBuildFile section */

/* Begin PBXContainerItemProxy section */
		CB4753FD28ADC48500719AE5 /* PBXContainerItemProxy */ = {
			isa = PBXContainerItemProxy;
			containerPortal = CB4753E428ADC48400719AE5 /* Project object */;
			proxyType = 1;
			remoteGlobalIDString = CB4753EB28ADC48400719AE5;
			remoteInfo = Spaminataro202208;
		};
		CB47540728ADC48500719AE5 /* PBXContainerItemProxy */ = {
			isa = PBXContainerItemProxy;
			containerPortal = CB4753E428ADC48400719AE5 /* Project object */;
			proxyType = 1;
			remoteGlobalIDString = CB4753EB28ADC48400719AE5;
			remoteInfo = Spaminataro202208;
		};
/* End PBXContainerItemProxy section */

/* Begin PBXFileReference section */
		2C4C8E0EFF1643E0E2FD8A8C /* Pods-Spaminataro202208-Spaminataro202208UITests.release.xcconfig */ = {isa = PBXFileReference; includeInIndex = 1; lastKnownFileType = text.xcconfig; name = "Pods-Spaminataro202208-Spaminataro202208UITests.release.xcconfig"; path = "Target Support Files/Pods-Spaminataro202208-Spaminataro202208UITests/Pods-Spaminataro202208-Spaminataro202208UITests.release.xcconfig"; sourceTree = "<group>"; };
		39A8A9AB62FC62694A2CA46C /* Pods-Spaminataro202208Tests.release.xcconfig */ = {isa = PBXFileReference; includeInIndex = 1; lastKnownFileType = text.xcconfig; name = "Pods-Spaminataro202208Tests.release.xcconfig"; path = "Target Support Files/Pods-Spaminataro202208Tests/Pods-Spaminataro202208Tests.release.xcconfig"; sourceTree = "<group>"; };
		48145D2F7E0997B6D86FAC9E /* Pods-Spaminataro202208-Spaminataro202208UITests.debug.xcconfig */ = {isa = PBXFileReference; includeInIndex = 1; lastKnownFileType = text.xcconfig; name = "Pods-Spaminataro202208-Spaminataro202208UITests.debug.xcconfig"; path = "Target Support Files/Pods-Spaminataro202208-Spaminataro202208UITests/Pods-Spaminataro202208-Spaminataro202208UITests.debug.xcconfig"; sourceTree = "<group>"; };
		590D615384F54722F6FF9AB2 /* Pods_Spaminataro202208Tests.framework */ = {isa = PBXFileReference; explicitFileType = wrapper.framework; includeInIndex = 0; path = Pods_Spaminataro202208Tests.framework; sourceTree = BUILT_PRODUCTS_DIR; };
		887A7EDB28AE78FD00AC4251 /* Settings.bundle */ = {isa = PBXFileReference; lastKnownFileType = "wrapper.plug-in"; path = Settings.bundle; sourceTree = "<group>"; };
		88B4D16028B0D73E00497147 /* SplashView.swift */ = {isa = PBXFileReference; lastKnownFileType = sourcecode.swift; path = SplashView.swift; sourceTree = "<group>"; };
		88B4D16228B0D7DA00497147 /* CalendarExtension.swift */ = {isa = PBXFileReference; lastKnownFileType = sourcecode.swift; path = CalendarExtension.swift; sourceTree = "<group>"; };
		88B4D16428B0D80100497147 /* DateExtension.swift */ = {isa = PBXFileReference; lastKnownFileType = sourcecode.swift; path = DateExtension.swift; sourceTree = "<group>"; };
		88B4D16828B0D85800497147 /* ImageExtension.swift */ = {isa = PBXFileReference; lastKnownFileType = sourcecode.swift; path = ImageExtension.swift; sourceTree = "<group>"; };
		88B4D16A28B0D88F00497147 /* LocaleExtension.swift */ = {isa = PBXFileReference; lastKnownFileType = sourcecode.swift; path = LocaleExtension.swift; sourceTree = "<group>"; };
		88B4D16D28B0D8DC00497147 /* Const.swift */ = {isa = PBXFileReference; lastKnownFileType = sourcecode.swift; path = Const.swift; sourceTree = "<group>"; };
		88B4D17028B0D8F300497147 /* TimePeriod.swift */ = {isa = PBXFileReference; lastKnownFileType = sourcecode.swift; path = TimePeriod.swift; sourceTree = "<group>"; };
		88B4D17328B0D9F600497147 /* LoginView.swift */ = {isa = PBXFileReference; lastKnownFileType = sourcecode.swift; path = LoginView.swift; sourceTree = "<group>"; };
		88B4D17728B0DA3800497147 /* TabControlView.swift */ = {isa = PBXFileReference; lastKnownFileType = sourcecode.swift; path = TabControlView.swift; sourceTree = "<group>"; };
		88B4D17A28B0DB4B00497147 /* UIColorExtension.swift */ = {isa = PBXFileReference; lastKnownFileType = sourcecode.swift; path = UIColorExtension.swift; sourceTree = "<group>"; };
		88B4D17C28B0DB9600497147 /* ColorExtension.swift */ = {isa = PBXFileReference; lastKnownFileType = sourcecode.swift; path = ColorExtension.swift; sourceTree = "<group>"; };
		88B4D18128B0DC1700497147 /* SettingView.swift */ = {isa = PBXFileReference; lastKnownFileType = sourcecode.swift; path = SettingView.swift; sourceTree = "<group>"; };
		88B4D18328B0DC2400497147 /* RankingView.swift */ = {isa = PBXFileReference; lastKnownFileType = sourcecode.swift; path = RankingView.swift; sourceTree = "<group>"; };
		88B4D18528B0DC2D00497147 /* HomeView.swift */ = {isa = PBXFileReference; lastKnownFileType = sourcecode.swift; path = HomeView.swift; sourceTree = "<group>"; };
		88B4D18728B0DC3600497147 /* HomeViewModel.swift */ = {isa = PBXFileReference; lastKnownFileType = sourcecode.swift; path = HomeViewModel.swift; sourceTree = "<group>"; };
		9715090D17041386483B8274 /* Pods-Spaminataro202208Tests.debug.xcconfig */ = {isa = PBXFileReference; includeInIndex = 1; lastKnownFileType = text.xcconfig; name = "Pods-Spaminataro202208Tests.debug.xcconfig"; path = "Target Support Files/Pods-Spaminataro202208Tests/Pods-Spaminataro202208Tests.debug.xcconfig"; sourceTree = "<group>"; };
		9F1ED159EFEC5E632BB7D5CF /* Pods-Spaminataro202208.debug.xcconfig */ = {isa = PBXFileReference; includeInIndex = 1; lastKnownFileType = text.xcconfig; name = "Pods-Spaminataro202208.debug.xcconfig"; path = "Target Support Files/Pods-Spaminataro202208/Pods-Spaminataro202208.debug.xcconfig"; sourceTree = "<group>"; };
		C1AD425DF12B96D8C3027359 /* Pods-Spaminataro202208.release.xcconfig */ = {isa = PBXFileReference; includeInIndex = 1; lastKnownFileType = text.xcconfig; name = "Pods-Spaminataro202208.release.xcconfig"; path = "Target Support Files/Pods-Spaminataro202208/Pods-Spaminataro202208.release.xcconfig"; sourceTree = "<group>"; };
		CB4753EC28ADC48400719AE5 /* Spaminataro202208.app */ = {isa = PBXFileReference; explicitFileType = wrapper.application; includeInIndex = 0; path = Spaminataro202208.app; sourceTree = BUILT_PRODUCTS_DIR; };
		CB4753EF28ADC48400719AE5 /* Spaminataro202208App.swift */ = {isa = PBXFileReference; lastKnownFileType = sourcecode.swift; path = Spaminataro202208App.swift; sourceTree = "<group>"; };
		CB4753F328ADC48500719AE5 /* Assets.xcassets */ = {isa = PBXFileReference; lastKnownFileType = folder.assetcatalog; path = Assets.xcassets; sourceTree = "<group>"; };
		CB4753F628ADC48500719AE5 /* Preview Assets.xcassets */ = {isa = PBXFileReference; lastKnownFileType = folder.assetcatalog; path = "Preview Assets.xcassets"; sourceTree = "<group>"; };
		CB4753FC28ADC48500719AE5 /* Spaminataro202208Tests.xctest */ = {isa = PBXFileReference; explicitFileType = wrapper.cfbundle; includeInIndex = 0; path = Spaminataro202208Tests.xctest; sourceTree = BUILT_PRODUCTS_DIR; };
		CB47540028ADC48500719AE5 /* Spaminataro202208Tests.swift */ = {isa = PBXFileReference; lastKnownFileType = sourcecode.swift; path = Spaminataro202208Tests.swift; sourceTree = "<group>"; };
		CB47540628ADC48500719AE5 /* Spaminataro202208UITests.xctest */ = {isa = PBXFileReference; explicitFileType = wrapper.cfbundle; includeInIndex = 0; path = Spaminataro202208UITests.xctest; sourceTree = BUILT_PRODUCTS_DIR; };
		CB47540A28ADC48500719AE5 /* Spaminataro202208UITests.swift */ = {isa = PBXFileReference; lastKnownFileType = sourcecode.swift; path = Spaminataro202208UITests.swift; sourceTree = "<group>"; };
		CB47540C28ADC48500719AE5 /* Spaminataro202208UITestsLaunchTests.swift */ = {isa = PBXFileReference; lastKnownFileType = sourcecode.swift; path = Spaminataro202208UITestsLaunchTests.swift; sourceTree = "<group>"; };
		CB47541D28AFAD7000719AE5 /* GoogleService-Info.plist */ = {isa = PBXFileReference; fileEncoding = 4; lastKnownFileType = text.plist.xml; path = "GoogleService-Info.plist"; sourceTree = "<group>"; };
		CB5ECC2628B16D04001B6A61 /* User.swift */ = {isa = PBXFileReference; lastKnownFileType = sourcecode.swift; path = User.swift; sourceTree = "<group>"; };
		CB5ECC2828B16D16001B6A61 /* Seed.swift */ = {isa = PBXFileReference; lastKnownFileType = sourcecode.swift; path = Seed.swift; sourceTree = "<group>"; };
		CB5ECC2A28B17823001B6A61 /* CultivatingView.swift */ = {isa = PBXFileReference; lastKnownFileType = sourcecode.swift; path = CultivatingView.swift; sourceTree = "<group>"; };
		CB5ECC2F28B195F5001B6A61 /* LocalStroage.swift */ = {isa = PBXFileReference; lastKnownFileType = sourcecode.swift; path = LocalStroage.swift; sourceTree = "<group>"; };
		CB5ECC3128B19F50001B6A61 /* SplashViewModel.swift */ = {isa = PBXFileReference; lastKnownFileType = sourcecode.swift; path = SplashViewModel.swift; sourceTree = "<group>"; };
		E40296538CB309BFD7408A42 /* Pods_Spaminataro202208_Spaminataro202208UITests.framework */ = {isa = PBXFileReference; explicitFileType = wrapper.framework; includeInIndex = 0; path = Pods_Spaminataro202208_Spaminataro202208UITests.framework; sourceTree = BUILT_PRODUCTS_DIR; };
		E46140637FD4365EEAFC716C /* Pods_Spaminataro202208.framework */ = {isa = PBXFileReference; explicitFileType = wrapper.framework; includeInIndex = 0; path = Pods_Spaminataro202208.framework; sourceTree = BUILT_PRODUCTS_DIR; };
/* End PBXFileReference section */

/* Begin PBXFrameworksBuildPhase section */
		CB4753E928ADC48400719AE5 /* Frameworks */ = {
			isa = PBXFrameworksBuildPhase;
			buildActionMask = 2147483647;
			files = (
				5CCF6FF23D95F8F3C6B19A46 /* Pods_Spaminataro202208.framework in Frameworks */,
			);
			runOnlyForDeploymentPostprocessing = 0;
		};
		CB4753F928ADC48500719AE5 /* Frameworks */ = {
			isa = PBXFrameworksBuildPhase;
			buildActionMask = 2147483647;
			files = (
				4CE44C154CBC7B53ABC81546 /* Pods_Spaminataro202208Tests.framework in Frameworks */,
			);
			runOnlyForDeploymentPostprocessing = 0;
		};
		CB47540328ADC48500719AE5 /* Frameworks */ = {
			isa = PBXFrameworksBuildPhase;
			buildActionMask = 2147483647;
			files = (
				2103EF0CE1A56556457A2E99 /* Pods_Spaminataro202208_Spaminataro202208UITests.framework in Frameworks */,
			);
			runOnlyForDeploymentPostprocessing = 0;
		};
/* End PBXFrameworksBuildPhase section */

/* Begin PBXGroup section */
		88B4D15928B0D6B200497147 /* Application */ = {
			isa = PBXGroup;
			children = (
				CB4753EF28ADC48400719AE5 /* Spaminataro202208App.swift */,
			);
			path = Application;
			sourceTree = "<group>";
		};
		88B4D15A28B0D6C300497147 /* Model */ = {
			isa = PBXGroup;
			children = (
				CB5ECC2628B16D04001B6A61 /* User.swift */,
				CB5ECC2828B16D16001B6A61 /* Seed.swift */,
			);
			path = Model;
			sourceTree = "<group>";
		};
		88B4D15D28B0D6E600497147 /* Screen */ = {
			isa = PBXGroup;
			children = (
				88B4D18028B0DC0900497147 /* Setting */,
				88B4D17F28B0DC0200497147 /* Ranking */,
				88B4D17E28B0DBFC00497147 /* Home */,
				88B4D17228B0D9B400497147 /* Login */,
				88B4D15F28B0D73000497147 /* Splash */,
				88B4D17728B0DA3800497147 /* TabControlView.swift */,
			);
			path = Screen;
			sourceTree = "<group>";
		};
		88B4D15E28B0D6F800497147 /* Extension */ = {
			isa = PBXGroup;
			children = (
				88B4D16228B0D7DA00497147 /* CalendarExtension.swift */,
				88B4D16428B0D80100497147 /* DateExtension.swift */,
				88B4D16828B0D85800497147 /* ImageExtension.swift */,
				88B4D16A28B0D88F00497147 /* LocaleExtension.swift */,
				88B4D17A28B0DB4B00497147 /* UIColorExtension.swift */,
				88B4D17C28B0DB9600497147 /* ColorExtension.swift */,
			);
			path = Extension;
			sourceTree = "<group>";
		};
		88B4D15F28B0D73000497147 /* Splash */ = {
			isa = PBXGroup;
			children = (
				88B4D16028B0D73E00497147 /* SplashView.swift */,
				CB5ECC3128B19F50001B6A61 /* SplashViewModel.swift */,
			);
			path = Splash;
			sourceTree = "<group>";
		};
		88B4D16C28B0D8CD00497147 /* Utility */ = {
			isa = PBXGroup;
			children = (
				88B4D16F28B0D8E100497147 /* Enum */,
				88B4D16D28B0D8DC00497147 /* Const.swift */,
				CB5ECC2F28B195F5001B6A61 /* LocalStroage.swift */,
			);
			path = Utility;
			sourceTree = "<group>";
		};
		88B4D16F28B0D8E100497147 /* Enum */ = {
			isa = PBXGroup;
			children = (
				88B4D17028B0D8F300497147 /* TimePeriod.swift */,
			);
			path = Enum;
			sourceTree = "<group>";
		};
		88B4D17228B0D9B400497147 /* Login */ = {
			isa = PBXGroup;
			children = (
				88B4D17328B0D9F600497147 /* LoginView.swift */,
			);
			path = Login;
			sourceTree = "<group>";
		};
		88B4D17E28B0DBFC00497147 /* Home */ = {
			isa = PBXGroup;
			children = (
				88B4D18528B0DC2D00497147 /* HomeView.swift */,
				88B4D18728B0DC3600497147 /* HomeViewModel.swift */,
				CB5ECC2A28B17823001B6A61 /* CultivatingView.swift */,
			);
			path = Home;
			sourceTree = "<group>";
		};
		88B4D17F28B0DC0200497147 /* Ranking */ = {
			isa = PBXGroup;
			children = (
				88B4D18328B0DC2400497147 /* RankingView.swift */,
			);
			path = Ranking;
			sourceTree = "<group>";
		};
		88B4D18028B0DC0900497147 /* Setting */ = {
			isa = PBXGroup;
			children = (
				88B4D18128B0DC1700497147 /* SettingView.swift */,
			);
			path = Setting;
			sourceTree = "<group>";
		};
		8FD5A62D2911FCB2330C61E8 /* Pods */ = {
			isa = PBXGroup;
			children = (
				9F1ED159EFEC5E632BB7D5CF /* Pods-Spaminataro202208.debug.xcconfig */,
				C1AD425DF12B96D8C3027359 /* Pods-Spaminataro202208.release.xcconfig */,
				48145D2F7E0997B6D86FAC9E /* Pods-Spaminataro202208-Spaminataro202208UITests.debug.xcconfig */,
				2C4C8E0EFF1643E0E2FD8A8C /* Pods-Spaminataro202208-Spaminataro202208UITests.release.xcconfig */,
				9715090D17041386483B8274 /* Pods-Spaminataro202208Tests.debug.xcconfig */,
				39A8A9AB62FC62694A2CA46C /* Pods-Spaminataro202208Tests.release.xcconfig */,
			);
			path = Pods;
			sourceTree = "<group>";
		};
		CB4753E328ADC48400719AE5 = {
			isa = PBXGroup;
			children = (
				CB4753EE28ADC48400719AE5 /* Spaminataro202208 */,
				CB4753FF28ADC48500719AE5 /* Spaminataro202208Tests */,
				CB47540928ADC48500719AE5 /* Spaminataro202208UITests */,
				CB4753ED28ADC48400719AE5 /* Products */,
				8FD5A62D2911FCB2330C61E8 /* Pods */,
				D603D69E3E00097CAAFEBD72 /* Frameworks */,
			);
			sourceTree = "<group>";
		};
		CB4753ED28ADC48400719AE5 /* Products */ = {
			isa = PBXGroup;
			children = (
				CB4753EC28ADC48400719AE5 /* Spaminataro202208.app */,
				CB4753FC28ADC48500719AE5 /* Spaminataro202208Tests.xctest */,
				CB47540628ADC48500719AE5 /* Spaminataro202208UITests.xctest */,
			);
			name = Products;
			sourceTree = "<group>";
		};
		CB4753EE28ADC48400719AE5 /* Spaminataro202208 */ = {
			isa = PBXGroup;
			children = (
				88B4D15928B0D6B200497147 /* Application */,
				88B4D16C28B0D8CD00497147 /* Utility */,
				88B4D15A28B0D6C300497147 /* Model */,
				88B4D15D28B0D6E600497147 /* Screen */,
				88B4D15E28B0D6F800497147 /* Extension */,
				CB47541D28AFAD7000719AE5 /* GoogleService-Info.plist */,
				CB4753F328ADC48500719AE5 /* Assets.xcassets */,
				CB4753F528ADC48500719AE5 /* Preview Content */,
				887A7EDB28AE78FD00AC4251 /* Settings.bundle */,
			);
			path = Spaminataro202208;
			sourceTree = "<group>";
		};
		CB4753F528ADC48500719AE5 /* Preview Content */ = {
			isa = PBXGroup;
			children = (
				CB4753F628ADC48500719AE5 /* Preview Assets.xcassets */,
			);
			path = "Preview Content";
			sourceTree = "<group>";
		};
		CB4753FF28ADC48500719AE5 /* Spaminataro202208Tests */ = {
			isa = PBXGroup;
			children = (
				CB47540028ADC48500719AE5 /* Spaminataro202208Tests.swift */,
			);
			path = Spaminataro202208Tests;
			sourceTree = "<group>";
		};
		CB47540928ADC48500719AE5 /* Spaminataro202208UITests */ = {
			isa = PBXGroup;
			children = (
				CB47540A28ADC48500719AE5 /* Spaminataro202208UITests.swift */,
				CB47540C28ADC48500719AE5 /* Spaminataro202208UITestsLaunchTests.swift */,
			);
			path = Spaminataro202208UITests;
			sourceTree = "<group>";
		};
		D603D69E3E00097CAAFEBD72 /* Frameworks */ = {
			isa = PBXGroup;
			children = (
				E46140637FD4365EEAFC716C /* Pods_Spaminataro202208.framework */,
				E40296538CB309BFD7408A42 /* Pods_Spaminataro202208_Spaminataro202208UITests.framework */,
				590D615384F54722F6FF9AB2 /* Pods_Spaminataro202208Tests.framework */,
			);
			name = Frameworks;
			sourceTree = "<group>";
		};
/* End PBXGroup section */

/* Begin PBXNativeTarget section */
		CB4753EB28ADC48400719AE5 /* Spaminataro202208 */ = {
			isa = PBXNativeTarget;
			buildConfigurationList = CB47541028ADC48500719AE5 /* Build configuration list for PBXNativeTarget "Spaminataro202208" */;
			buildPhases = (
				766ED88CBE3206A47AF438BC /* [CP] Check Pods Manifest.lock */,
				CB4753E828ADC48400719AE5 /* Sources */,
				CB4753E928ADC48400719AE5 /* Frameworks */,
				CB4753EA28ADC48400719AE5 /* Resources */,
				887A7ED928AE778700AC4251 /* Run Swiftlint */,
				887A7EDA28AE78CE00AC4251 /* Run LicensePlist */,
				97F994DEFA02B4C16D219E6F /* [CP] Embed Pods Frameworks */,
			);
			buildRules = (
			);
			dependencies = (
			);
			name = Spaminataro202208;
			productName = Spaminataro202208;
			productReference = CB4753EC28ADC48400719AE5 /* Spaminataro202208.app */;
			productType = "com.apple.product-type.application";
		};
		CB4753FB28ADC48500719AE5 /* Spaminataro202208Tests */ = {
			isa = PBXNativeTarget;
			buildConfigurationList = CB47541328ADC48500719AE5 /* Build configuration list for PBXNativeTarget "Spaminataro202208Tests" */;
			buildPhases = (
				F1E1CB30AE8E9B7F6E90EC10 /* [CP] Check Pods Manifest.lock */,
				CB4753F828ADC48500719AE5 /* Sources */,
				CB4753F928ADC48500719AE5 /* Frameworks */,
				CB4753FA28ADC48500719AE5 /* Resources */,
			);
			buildRules = (
			);
			dependencies = (
				CB4753FE28ADC48500719AE5 /* PBXTargetDependency */,
			);
			name = Spaminataro202208Tests;
			productName = Spaminataro202208Tests;
			productReference = CB4753FC28ADC48500719AE5 /* Spaminataro202208Tests.xctest */;
			productType = "com.apple.product-type.bundle.unit-test";
		};
		CB47540528ADC48500719AE5 /* Spaminataro202208UITests */ = {
			isa = PBXNativeTarget;
			buildConfigurationList = CB47541628ADC48500719AE5 /* Build configuration list for PBXNativeTarget "Spaminataro202208UITests" */;
			buildPhases = (
				744D3036768FE51FC03D8794 /* [CP] Check Pods Manifest.lock */,
				CB47540228ADC48500719AE5 /* Sources */,
				CB47540328ADC48500719AE5 /* Frameworks */,
				CB47540428ADC48500719AE5 /* Resources */,
				B81E433EF3C807D6B07A8FE4 /* [CP] Embed Pods Frameworks */,
			);
			buildRules = (
			);
			dependencies = (
				CB47540828ADC48500719AE5 /* PBXTargetDependency */,
			);
			name = Spaminataro202208UITests;
			productName = Spaminataro202208UITests;
			productReference = CB47540628ADC48500719AE5 /* Spaminataro202208UITests.xctest */;
			productType = "com.apple.product-type.bundle.ui-testing";
		};
/* End PBXNativeTarget section */

/* Begin PBXProject section */
		CB4753E428ADC48400719AE5 /* Project object */ = {
			isa = PBXProject;
			attributes = {
				BuildIndependentTargetsInParallel = 1;
				LastSwiftUpdateCheck = 1330;
				LastUpgradeCheck = 1330;
				TargetAttributes = {
					CB4753EB28ADC48400719AE5 = {
						CreatedOnToolsVersion = 13.3.1;
					};
					CB4753FB28ADC48500719AE5 = {
						CreatedOnToolsVersion = 13.3.1;
						TestTargetID = CB4753EB28ADC48400719AE5;
					};
					CB47540528ADC48500719AE5 = {
						CreatedOnToolsVersion = 13.3.1;
						TestTargetID = CB4753EB28ADC48400719AE5;
					};
				};
			};
			buildConfigurationList = CB4753E728ADC48400719AE5 /* Build configuration list for PBXProject "Spaminataro202208" */;
			compatibilityVersion = "Xcode 13.0";
			developmentRegion = en;
			hasScannedForEncodings = 0;
			knownRegions = (
				en,
				Base,
			);
			mainGroup = CB4753E328ADC48400719AE5;
			productRefGroup = CB4753ED28ADC48400719AE5 /* Products */;
			projectDirPath = "";
			projectRoot = "";
			targets = (
				CB4753EB28ADC48400719AE5 /* Spaminataro202208 */,
				CB4753FB28ADC48500719AE5 /* Spaminataro202208Tests */,
				CB47540528ADC48500719AE5 /* Spaminataro202208UITests */,
			);
		};
/* End PBXProject section */

/* Begin PBXResourcesBuildPhase section */
		CB4753EA28ADC48400719AE5 /* Resources */ = {
			isa = PBXResourcesBuildPhase;
			buildActionMask = 2147483647;
			files = (
				CB4753F728ADC48500719AE5 /* Preview Assets.xcassets in Resources */,
				CB47541E28AFAD7000719AE5 /* GoogleService-Info.plist in Resources */,
				887A7EDC28AE78FD00AC4251 /* Settings.bundle in Resources */,
				CB4753F428ADC48500719AE5 /* Assets.xcassets in Resources */,
			);
			runOnlyForDeploymentPostprocessing = 0;
		};
		CB4753FA28ADC48500719AE5 /* Resources */ = {
			isa = PBXResourcesBuildPhase;
			buildActionMask = 2147483647;
			files = (
			);
			runOnlyForDeploymentPostprocessing = 0;
		};
		CB47540428ADC48500719AE5 /* Resources */ = {
			isa = PBXResourcesBuildPhase;
			buildActionMask = 2147483647;
			files = (
			);
			runOnlyForDeploymentPostprocessing = 0;
		};
/* End PBXResourcesBuildPhase section */

/* Begin PBXShellScriptBuildPhase section */
		744D3036768FE51FC03D8794 /* [CP] Check Pods Manifest.lock */ = {
			isa = PBXShellScriptBuildPhase;
			buildActionMask = 2147483647;
			files = (
			);
			inputFileListPaths = (
			);
			inputPaths = (
				"${PODS_PODFILE_DIR_PATH}/Podfile.lock",
				"${PODS_ROOT}/Manifest.lock",
			);
			name = "[CP] Check Pods Manifest.lock";
			outputFileListPaths = (
			);
			outputPaths = (
				"$(DERIVED_FILE_DIR)/Pods-Spaminataro202208-Spaminataro202208UITests-checkManifestLockResult.txt",
			);
			runOnlyForDeploymentPostprocessing = 0;
			shellPath = /bin/sh;
			shellScript = "diff \"${PODS_PODFILE_DIR_PATH}/Podfile.lock\" \"${PODS_ROOT}/Manifest.lock\" > /dev/null\nif [ $? != 0 ] ; then\n    # print error to STDERR\n    echo \"error: The sandbox is not in sync with the Podfile.lock. Run 'pod install' or update your CocoaPods installation.\" >&2\n    exit 1\nfi\n# This output is used by Xcode 'outputs' to avoid re-running this script phase.\necho \"SUCCESS\" > \"${SCRIPT_OUTPUT_FILE_0}\"\n";
			showEnvVarsInLog = 0;
		};
		766ED88CBE3206A47AF438BC /* [CP] Check Pods Manifest.lock */ = {
			isa = PBXShellScriptBuildPhase;
			buildActionMask = 2147483647;
			files = (
			);
			inputFileListPaths = (
			);
			inputPaths = (
				"${PODS_PODFILE_DIR_PATH}/Podfile.lock",
				"${PODS_ROOT}/Manifest.lock",
			);
			name = "[CP] Check Pods Manifest.lock";
			outputFileListPaths = (
			);
			outputPaths = (
				"$(DERIVED_FILE_DIR)/Pods-Spaminataro202208-checkManifestLockResult.txt",
			);
			runOnlyForDeploymentPostprocessing = 0;
			shellPath = /bin/sh;
			shellScript = "diff \"${PODS_PODFILE_DIR_PATH}/Podfile.lock\" \"${PODS_ROOT}/Manifest.lock\" > /dev/null\nif [ $? != 0 ] ; then\n    # print error to STDERR\n    echo \"error: The sandbox is not in sync with the Podfile.lock. Run 'pod install' or update your CocoaPods installation.\" >&2\n    exit 1\nfi\n# This output is used by Xcode 'outputs' to avoid re-running this script phase.\necho \"SUCCESS\" > \"${SCRIPT_OUTPUT_FILE_0}\"\n";
			showEnvVarsInLog = 0;
		};
		887A7ED928AE778700AC4251 /* Run Swiftlint */ = {
			isa = PBXShellScriptBuildPhase;
			buildActionMask = 2147483647;
			files = (
			);
			inputFileListPaths = (
			);
			inputPaths = (
			);
			name = "Run Swiftlint";
			outputFileListPaths = (
			);
			outputPaths = (
			);
			runOnlyForDeploymentPostprocessing = 0;
			shellPath = /bin/sh;
			shellScript = "if test -d /opt/homebrew/bin; then\n    PATH=/opt/homebrew/bin/:$PATH\nfi\n\nif which swiftlint >/dev/null; then\n    swiftlint --fix\nelse\n    echo \"warning: SwiftLint not installed, download from https://github.com/realm/SwiftLint\"\nfi\n";
		};
		887A7EDA28AE78CE00AC4251 /* Run LicensePlist */ = {
			isa = PBXShellScriptBuildPhase;
			buildActionMask = 2147483647;
			files = (
			);
			inputFileListPaths = (
			);
			inputPaths = (
			);
			name = "Run LicensePlist";
			outputFileListPaths = (
			);
			outputPaths = (
			);
			runOnlyForDeploymentPostprocessing = 0;
			shellPath = /bin/sh;
			shellScript = "${PODS_ROOT}/LicensePlist/license-plist --output-path $PRODUCT_NAME/Settings.bundle\n";
		};
		97F994DEFA02B4C16D219E6F /* [CP] Embed Pods Frameworks */ = {
			isa = PBXShellScriptBuildPhase;
			buildActionMask = 2147483647;
			files = (
			);
			inputFileListPaths = (
				"${PODS_ROOT}/Target Support Files/Pods-Spaminataro202208/Pods-Spaminataro202208-frameworks-${CONFIGURATION}-input-files.xcfilelist",
			);
			name = "[CP] Embed Pods Frameworks";
			outputFileListPaths = (
				"${PODS_ROOT}/Target Support Files/Pods-Spaminataro202208/Pods-Spaminataro202208-frameworks-${CONFIGURATION}-output-files.xcfilelist",
			);
			runOnlyForDeploymentPostprocessing = 0;
			shellPath = /bin/sh;
			shellScript = "\"${PODS_ROOT}/Target Support Files/Pods-Spaminataro202208/Pods-Spaminataro202208-frameworks.sh\"\n";
			showEnvVarsInLog = 0;
		};
		B81E433EF3C807D6B07A8FE4 /* [CP] Embed Pods Frameworks */ = {
			isa = PBXShellScriptBuildPhase;
			buildActionMask = 2147483647;
			files = (
			);
			inputFileListPaths = (
				"${PODS_ROOT}/Target Support Files/Pods-Spaminataro202208-Spaminataro202208UITests/Pods-Spaminataro202208-Spaminataro202208UITests-frameworks-${CONFIGURATION}-input-files.xcfilelist",
			);
			name = "[CP] Embed Pods Frameworks";
			outputFileListPaths = (
				"${PODS_ROOT}/Target Support Files/Pods-Spaminataro202208-Spaminataro202208UITests/Pods-Spaminataro202208-Spaminataro202208UITests-frameworks-${CONFIGURATION}-output-files.xcfilelist",
			);
			runOnlyForDeploymentPostprocessing = 0;
			shellPath = /bin/sh;
			shellScript = "\"${PODS_ROOT}/Target Support Files/Pods-Spaminataro202208-Spaminataro202208UITests/Pods-Spaminataro202208-Spaminataro202208UITests-frameworks.sh\"\n";
			showEnvVarsInLog = 0;
		};
		F1E1CB30AE8E9B7F6E90EC10 /* [CP] Check Pods Manifest.lock */ = {
			isa = PBXShellScriptBuildPhase;
			buildActionMask = 2147483647;
			files = (
			);
			inputFileListPaths = (
			);
			inputPaths = (
				"${PODS_PODFILE_DIR_PATH}/Podfile.lock",
				"${PODS_ROOT}/Manifest.lock",
			);
			name = "[CP] Check Pods Manifest.lock";
			outputFileListPaths = (
			);
			outputPaths = (
				"$(DERIVED_FILE_DIR)/Pods-Spaminataro202208Tests-checkManifestLockResult.txt",
			);
			runOnlyForDeploymentPostprocessing = 0;
			shellPath = /bin/sh;
			shellScript = "diff \"${PODS_PODFILE_DIR_PATH}/Podfile.lock\" \"${PODS_ROOT}/Manifest.lock\" > /dev/null\nif [ $? != 0 ] ; then\n    # print error to STDERR\n    echo \"error: The sandbox is not in sync with the Podfile.lock. Run 'pod install' or update your CocoaPods installation.\" >&2\n    exit 1\nfi\n# This output is used by Xcode 'outputs' to avoid re-running this script phase.\necho \"SUCCESS\" > \"${SCRIPT_OUTPUT_FILE_0}\"\n";
			showEnvVarsInLog = 0;
		};
/* End PBXShellScriptBuildPhase section */

/* Begin PBXSourcesBuildPhase section */
		CB4753E828ADC48400719AE5 /* Sources */ = {
			isa = PBXSourcesBuildPhase;
			buildActionMask = 2147483647;
			files = (
				88B4D16B28B0D88F00497147 /* LocaleExtension.swift in Sources */,
				88B4D16928B0D85800497147 /* ImageExtension.swift in Sources */,
				88B4D17828B0DA3800497147 /* TabControlView.swift in Sources */,
				CB5ECC3228B19F50001B6A61 /* SplashViewModel.swift in Sources */,
				88B4D18828B0DC3600497147 /* HomeViewModel.swift in Sources */,
				88B4D18628B0DC2D00497147 /* HomeView.swift in Sources */,
				88B4D16528B0D80100497147 /* DateExtension.swift in Sources */,
				88B4D16328B0D7DA00497147 /* CalendarExtension.swift in Sources */,
				CB5ECC2728B16D04001B6A61 /* User.swift in Sources */,
				88B4D17128B0D8F300497147 /* TimePeriod.swift in Sources */,
				CB5ECC3028B195F5001B6A61 /* LocalStroage.swift in Sources */,
				88B4D16E28B0D8DC00497147 /* Const.swift in Sources */,
				88B4D18428B0DC2400497147 /* RankingView.swift in Sources */,
				CB4753F028ADC48400719AE5 /* Spaminataro202208App.swift in Sources */,
				88B4D18228B0DC1700497147 /* SettingView.swift in Sources */,
				88B4D17428B0D9F600497147 /* LoginView.swift in Sources */,
				CB5ECC2928B16D16001B6A61 /* Seed.swift in Sources */,
				CB5ECC2B28B17823001B6A61 /* CultivatingView.swift in Sources */,
				88B4D16128B0D73E00497147 /* SplashView.swift in Sources */,
				88B4D17B28B0DB4B00497147 /* UIColorExtension.swift in Sources */,
				88B4D17D28B0DB9600497147 /* ColorExtension.swift in Sources */,
			);
			runOnlyForDeploymentPostprocessing = 0;
		};
		CB4753F828ADC48500719AE5 /* Sources */ = {
			isa = PBXSourcesBuildPhase;
			buildActionMask = 2147483647;
			files = (
				CB47540128ADC48500719AE5 /* Spaminataro202208Tests.swift in Sources */,
			);
			runOnlyForDeploymentPostprocessing = 0;
		};
		CB47540228ADC48500719AE5 /* Sources */ = {
			isa = PBXSourcesBuildPhase;
			buildActionMask = 2147483647;
			files = (
				CB47540D28ADC48500719AE5 /* Spaminataro202208UITestsLaunchTests.swift in Sources */,
				CB47540B28ADC48500719AE5 /* Spaminataro202208UITests.swift in Sources */,
			);
			runOnlyForDeploymentPostprocessing = 0;
		};
/* End PBXSourcesBuildPhase section */

/* Begin PBXTargetDependency section */
		CB4753FE28ADC48500719AE5 /* PBXTargetDependency */ = {
			isa = PBXTargetDependency;
			target = CB4753EB28ADC48400719AE5 /* Spaminataro202208 */;
			targetProxy = CB4753FD28ADC48500719AE5 /* PBXContainerItemProxy */;
		};
		CB47540828ADC48500719AE5 /* PBXTargetDependency */ = {
			isa = PBXTargetDependency;
			target = CB4753EB28ADC48400719AE5 /* Spaminataro202208 */;
			targetProxy = CB47540728ADC48500719AE5 /* PBXContainerItemProxy */;
		};
/* End PBXTargetDependency section */

/* Begin XCBuildConfiguration section */
		CB47540E28ADC48500719AE5 /* Debug */ = {
			isa = XCBuildConfiguration;
			buildSettings = {
				ALWAYS_SEARCH_USER_PATHS = NO;
				CLANG_ANALYZER_NONNULL = YES;
				CLANG_ANALYZER_NUMBER_OBJECT_CONVERSION = YES_AGGRESSIVE;
				CLANG_CXX_LANGUAGE_STANDARD = "gnu++17";
				CLANG_ENABLE_MODULES = YES;
				CLANG_ENABLE_OBJC_ARC = YES;
				CLANG_ENABLE_OBJC_WEAK = YES;
				CLANG_WARN_BLOCK_CAPTURE_AUTORELEASING = YES;
				CLANG_WARN_BOOL_CONVERSION = YES;
				CLANG_WARN_COMMA = YES;
				CLANG_WARN_CONSTANT_CONVERSION = YES;
				CLANG_WARN_DEPRECATED_OBJC_IMPLEMENTATIONS = YES;
				CLANG_WARN_DIRECT_OBJC_ISA_USAGE = YES_ERROR;
				CLANG_WARN_DOCUMENTATION_COMMENTS = YES;
				CLANG_WARN_EMPTY_BODY = YES;
				CLANG_WARN_ENUM_CONVERSION = YES;
				CLANG_WARN_INFINITE_RECURSION = YES;
				CLANG_WARN_INT_CONVERSION = YES;
				CLANG_WARN_NON_LITERAL_NULL_CONVERSION = YES;
				CLANG_WARN_OBJC_IMPLICIT_RETAIN_SELF = YES;
				CLANG_WARN_OBJC_LITERAL_CONVERSION = YES;
				CLANG_WARN_OBJC_ROOT_CLASS = YES_ERROR;
				CLANG_WARN_QUOTED_INCLUDE_IN_FRAMEWORK_HEADER = YES;
				CLANG_WARN_RANGE_LOOP_ANALYSIS = YES;
				CLANG_WARN_STRICT_PROTOTYPES = YES;
				CLANG_WARN_SUSPICIOUS_MOVE = YES;
				CLANG_WARN_UNGUARDED_AVAILABILITY = YES_AGGRESSIVE;
				CLANG_WARN_UNREACHABLE_CODE = YES;
				CLANG_WARN__DUPLICATE_METHOD_MATCH = YES;
				COPY_PHASE_STRIP = NO;
				DEBUG_INFORMATION_FORMAT = dwarf;
				ENABLE_STRICT_OBJC_MSGSEND = YES;
				ENABLE_TESTABILITY = YES;
				GCC_C_LANGUAGE_STANDARD = gnu11;
				GCC_DYNAMIC_NO_PIC = NO;
				GCC_NO_COMMON_BLOCKS = YES;
				GCC_OPTIMIZATION_LEVEL = 0;
				GCC_PREPROCESSOR_DEFINITIONS = (
					"DEBUG=1",
					"$(inherited)",
				);
				GCC_WARN_64_TO_32_BIT_CONVERSION = YES;
				GCC_WARN_ABOUT_RETURN_TYPE = YES_ERROR;
				GCC_WARN_UNDECLARED_SELECTOR = YES;
				GCC_WARN_UNINITIALIZED_AUTOS = YES_AGGRESSIVE;
				GCC_WARN_UNUSED_FUNCTION = YES;
				GCC_WARN_UNUSED_VARIABLE = YES;
				IPHONEOS_DEPLOYMENT_TARGET = 15.4;
				MTL_ENABLE_DEBUG_INFO = INCLUDE_SOURCE;
				MTL_FAST_MATH = YES;
				ONLY_ACTIVE_ARCH = YES;
				SDKROOT = iphoneos;
				SWIFT_ACTIVE_COMPILATION_CONDITIONS = DEBUG;
				SWIFT_OPTIMIZATION_LEVEL = "-Onone";
			};
			name = Debug;
		};
		CB47540F28ADC48500719AE5 /* Release */ = {
			isa = XCBuildConfiguration;
			buildSettings = {
				ALWAYS_SEARCH_USER_PATHS = NO;
				CLANG_ANALYZER_NONNULL = YES;
				CLANG_ANALYZER_NUMBER_OBJECT_CONVERSION = YES_AGGRESSIVE;
				CLANG_CXX_LANGUAGE_STANDARD = "gnu++17";
				CLANG_ENABLE_MODULES = YES;
				CLANG_ENABLE_OBJC_ARC = YES;
				CLANG_ENABLE_OBJC_WEAK = YES;
				CLANG_WARN_BLOCK_CAPTURE_AUTORELEASING = YES;
				CLANG_WARN_BOOL_CONVERSION = YES;
				CLANG_WARN_COMMA = YES;
				CLANG_WARN_CONSTANT_CONVERSION = YES;
				CLANG_WARN_DEPRECATED_OBJC_IMPLEMENTATIONS = YES;
				CLANG_WARN_DIRECT_OBJC_ISA_USAGE = YES_ERROR;
				CLANG_WARN_DOCUMENTATION_COMMENTS = YES;
				CLANG_WARN_EMPTY_BODY = YES;
				CLANG_WARN_ENUM_CONVERSION = YES;
				CLANG_WARN_INFINITE_RECURSION = YES;
				CLANG_WARN_INT_CONVERSION = YES;
				CLANG_WARN_NON_LITERAL_NULL_CONVERSION = YES;
				CLANG_WARN_OBJC_IMPLICIT_RETAIN_SELF = YES;
				CLANG_WARN_OBJC_LITERAL_CONVERSION = YES;
				CLANG_WARN_OBJC_ROOT_CLASS = YES_ERROR;
				CLANG_WARN_QUOTED_INCLUDE_IN_FRAMEWORK_HEADER = YES;
				CLANG_WARN_RANGE_LOOP_ANALYSIS = YES;
				CLANG_WARN_STRICT_PROTOTYPES = YES;
				CLANG_WARN_SUSPICIOUS_MOVE = YES;
				CLANG_WARN_UNGUARDED_AVAILABILITY = YES_AGGRESSIVE;
				CLANG_WARN_UNREACHABLE_CODE = YES;
				CLANG_WARN__DUPLICATE_METHOD_MATCH = YES;
				COPY_PHASE_STRIP = NO;
				DEBUG_INFORMATION_FORMAT = "dwarf-with-dsym";
				ENABLE_NS_ASSERTIONS = NO;
				ENABLE_STRICT_OBJC_MSGSEND = YES;
				GCC_C_LANGUAGE_STANDARD = gnu11;
				GCC_NO_COMMON_BLOCKS = YES;
				GCC_WARN_64_TO_32_BIT_CONVERSION = YES;
				GCC_WARN_ABOUT_RETURN_TYPE = YES_ERROR;
				GCC_WARN_UNDECLARED_SELECTOR = YES;
				GCC_WARN_UNINITIALIZED_AUTOS = YES_AGGRESSIVE;
				GCC_WARN_UNUSED_FUNCTION = YES;
				GCC_WARN_UNUSED_VARIABLE = YES;
				IPHONEOS_DEPLOYMENT_TARGET = 15.4;
				MTL_ENABLE_DEBUG_INFO = NO;
				MTL_FAST_MATH = YES;
				SDKROOT = iphoneos;
				SWIFT_COMPILATION_MODE = wholemodule;
				SWIFT_OPTIMIZATION_LEVEL = "-O";
				VALIDATE_PRODUCT = YES;
			};
			name = Release;
		};
		CB47541128ADC48500719AE5 /* Debug */ = {
			isa = XCBuildConfiguration;
			baseConfigurationReference = 9F1ED159EFEC5E632BB7D5CF /* Pods-Spaminataro202208.debug.xcconfig */;
			buildSettings = {
				ASSETCATALOG_COMPILER_APPICON_NAME = AppIcon;
				ASSETCATALOG_COMPILER_GLOBAL_ACCENT_COLOR_NAME = AccentColor;
				CODE_SIGN_STYLE = Automatic;
				CURRENT_PROJECT_VERSION = 1;
				DEVELOPMENT_ASSET_PATHS = "\"Spaminataro202208/Preview Content\"";
				DEVELOPMENT_TEAM = 6L95GP9HQV;
				ENABLE_PREVIEWS = YES;
				GENERATE_INFOPLIST_FILE = YES;
				INFOPLIST_KEY_UIApplicationSceneManifest_Generation = YES;
				INFOPLIST_KEY_UIApplicationSupportsIndirectInputEvents = YES;
				INFOPLIST_KEY_UILaunchScreen_Generation = YES;
				INFOPLIST_KEY_UISupportedInterfaceOrientations = UIInterfaceOrientationPortrait;
				INFOPLIST_KEY_UISupportedInterfaceOrientations_iPad = "UIInterfaceOrientationPortrait UIInterfaceOrientationPortraitUpsideDown UIInterfaceOrientationLandscapeLeft UIInterfaceOrientationLandscapeRight";
				INFOPLIST_KEY_UISupportedInterfaceOrientations_iPhone = "UIInterfaceOrientationPortrait UIInterfaceOrientationLandscapeLeft UIInterfaceOrientationLandscapeRight";
				LD_RUNPATH_SEARCH_PATHS = (
					"$(inherited)",
					"@executable_path/Frameworks",
				);
				MARKETING_VERSION = 1.0;
				PRODUCT_BUNDLE_IDENTIFIER = jp.co.Spaminataro202208;
				PRODUCT_NAME = "$(TARGET_NAME)";
				SWIFT_EMIT_LOC_STRINGS = YES;
				SWIFT_VERSION = 5.0;
				TARGETED_DEVICE_FAMILY = "1,2";
			};
			name = Debug;
		};
		CB47541228ADC48500719AE5 /* Release */ = {
			isa = XCBuildConfiguration;
			baseConfigurationReference = C1AD425DF12B96D8C3027359 /* Pods-Spaminataro202208.release.xcconfig */;
			buildSettings = {
				ASSETCATALOG_COMPILER_APPICON_NAME = AppIcon;
				ASSETCATALOG_COMPILER_GLOBAL_ACCENT_COLOR_NAME = AccentColor;
				CODE_SIGN_STYLE = Automatic;
				CURRENT_PROJECT_VERSION = 1;
				DEVELOPMENT_ASSET_PATHS = "\"Spaminataro202208/Preview Content\"";
				DEVELOPMENT_TEAM = 6L95GP9HQV;
				ENABLE_PREVIEWS = YES;
				GENERATE_INFOPLIST_FILE = YES;
				INFOPLIST_KEY_UIApplicationSceneManifest_Generation = YES;
				INFOPLIST_KEY_UIApplicationSupportsIndirectInputEvents = YES;
				INFOPLIST_KEY_UILaunchScreen_Generation = YES;
				INFOPLIST_KEY_UISupportedInterfaceOrientations = UIInterfaceOrientationPortrait;
				INFOPLIST_KEY_UISupportedInterfaceOrientations_iPad = "UIInterfaceOrientationPortrait UIInterfaceOrientationPortraitUpsideDown UIInterfaceOrientationLandscapeLeft UIInterfaceOrientationLandscapeRight";
				INFOPLIST_KEY_UISupportedInterfaceOrientations_iPhone = "UIInterfaceOrientationPortrait UIInterfaceOrientationLandscapeLeft UIInterfaceOrientationLandscapeRight";
				LD_RUNPATH_SEARCH_PATHS = (
					"$(inherited)",
					"@executable_path/Frameworks",
				);
				MARKETING_VERSION = 1.0;
				PRODUCT_BUNDLE_IDENTIFIER = jp.co.Spaminataro202208;
				PRODUCT_NAME = "$(TARGET_NAME)";
				SWIFT_EMIT_LOC_STRINGS = YES;
				SWIFT_VERSION = 5.0;
				TARGETED_DEVICE_FAMILY = "1,2";
			};
			name = Release;
		};
		CB47541428ADC48500719AE5 /* Debug */ = {
			isa = XCBuildConfiguration;
			baseConfigurationReference = 9715090D17041386483B8274 /* Pods-Spaminataro202208Tests.debug.xcconfig */;
			buildSettings = {
				ALWAYS_EMBED_SWIFT_STANDARD_LIBRARIES = YES;
				BUNDLE_LOADER = "$(TEST_HOST)";
				CODE_SIGN_STYLE = Automatic;
				CURRENT_PROJECT_VERSION = 1;
				DEVELOPMENT_TEAM = 6L95GP9HQV;
				GENERATE_INFOPLIST_FILE = YES;
				IPHONEOS_DEPLOYMENT_TARGET = 15.4;
				MARKETING_VERSION = 1.0;
				PRODUCT_BUNDLE_IDENTIFIER = tomsan96.Spaminataro202208Tests;
				PRODUCT_NAME = "$(TARGET_NAME)";
				SWIFT_EMIT_LOC_STRINGS = NO;
				SWIFT_VERSION = 5.0;
				TARGETED_DEVICE_FAMILY = "1,2";
				TEST_HOST = "$(BUILT_PRODUCTS_DIR)/Spaminataro202208.app/Spaminataro202208";
			};
			name = Debug;
		};
		CB47541528ADC48500719AE5 /* Release */ = {
			isa = XCBuildConfiguration;
			baseConfigurationReference = 39A8A9AB62FC62694A2CA46C /* Pods-Spaminataro202208Tests.release.xcconfig */;
			buildSettings = {
				ALWAYS_EMBED_SWIFT_STANDARD_LIBRARIES = YES;
				BUNDLE_LOADER = "$(TEST_HOST)";
				CODE_SIGN_STYLE = Automatic;
				CURRENT_PROJECT_VERSION = 1;
				DEVELOPMENT_TEAM = 6L95GP9HQV;
				GENERATE_INFOPLIST_FILE = YES;
				IPHONEOS_DEPLOYMENT_TARGET = 15.4;
				MARKETING_VERSION = 1.0;
				PRODUCT_BUNDLE_IDENTIFIER = tomsan96.Spaminataro202208Tests;
				PRODUCT_NAME = "$(TARGET_NAME)";
				SWIFT_EMIT_LOC_STRINGS = NO;
				SWIFT_VERSION = 5.0;
				TARGETED_DEVICE_FAMILY = "1,2";
				TEST_HOST = "$(BUILT_PRODUCTS_DIR)/Spaminataro202208.app/Spaminataro202208";
			};
			name = Release;
		};
		CB47541728ADC48500719AE5 /* Debug */ = {
			isa = XCBuildConfiguration;
			baseConfigurationReference = 48145D2F7E0997B6D86FAC9E /* Pods-Spaminataro202208-Spaminataro202208UITests.debug.xcconfig */;
			buildSettings = {
				ALWAYS_EMBED_SWIFT_STANDARD_LIBRARIES = YES;
				CODE_SIGN_STYLE = Automatic;
				CURRENT_PROJECT_VERSION = 1;
				DEVELOPMENT_TEAM = 6L95GP9HQV;
				GENERATE_INFOPLIST_FILE = YES;
				MARKETING_VERSION = 1.0;
				PRODUCT_BUNDLE_IDENTIFIER = tomsan96.Spaminataro202208UITests;
				PRODUCT_NAME = "$(TARGET_NAME)";
				SWIFT_EMIT_LOC_STRINGS = NO;
				SWIFT_VERSION = 5.0;
				TARGETED_DEVICE_FAMILY = "1,2";
				TEST_TARGET_NAME = Spaminataro202208;
			};
			name = Debug;
		};
		CB47541828ADC48500719AE5 /* Release */ = {
			isa = XCBuildConfiguration;
			baseConfigurationReference = 2C4C8E0EFF1643E0E2FD8A8C /* Pods-Spaminataro202208-Spaminataro202208UITests.release.xcconfig */;
			buildSettings = {
				ALWAYS_EMBED_SWIFT_STANDARD_LIBRARIES = YES;
				CODE_SIGN_STYLE = Automatic;
				CURRENT_PROJECT_VERSION = 1;
				DEVELOPMENT_TEAM = 6L95GP9HQV;
				GENERATE_INFOPLIST_FILE = YES;
				MARKETING_VERSION = 1.0;
				PRODUCT_BUNDLE_IDENTIFIER = tomsan96.Spaminataro202208UITests;
				PRODUCT_NAME = "$(TARGET_NAME)";
				SWIFT_EMIT_LOC_STRINGS = NO;
				SWIFT_VERSION = 5.0;
				TARGETED_DEVICE_FAMILY = "1,2";
				TEST_TARGET_NAME = Spaminataro202208;
			};
			name = Release;
		};
/* End XCBuildConfiguration section */

/* Begin XCConfigurationList section */
		CB4753E728ADC48400719AE5 /* Build configuration list for PBXProject "Spaminataro202208" */ = {
			isa = XCConfigurationList;
			buildConfigurations = (
				CB47540E28ADC48500719AE5 /* Debug */,
				CB47540F28ADC48500719AE5 /* Release */,
			);
			defaultConfigurationIsVisible = 0;
			defaultConfigurationName = Release;
		};
		CB47541028ADC48500719AE5 /* Build configuration list for PBXNativeTarget "Spaminataro202208" */ = {
			isa = XCConfigurationList;
			buildConfigurations = (
				CB47541128ADC48500719AE5 /* Debug */,
				CB47541228ADC48500719AE5 /* Release */,
			);
			defaultConfigurationIsVisible = 0;
			defaultConfigurationName = Release;
		};
		CB47541328ADC48500719AE5 /* Build configuration list for PBXNativeTarget "Spaminataro202208Tests" */ = {
			isa = XCConfigurationList;
			buildConfigurations = (
				CB47541428ADC48500719AE5 /* Debug */,
				CB47541528ADC48500719AE5 /* Release */,
			);
			defaultConfigurationIsVisible = 0;
			defaultConfigurationName = Release;
		};
		CB47541628ADC48500719AE5 /* Build configuration list for PBXNativeTarget "Spaminataro202208UITests" */ = {
			isa = XCConfigurationList;
			buildConfigurations = (
				CB47541728ADC48500719AE5 /* Debug */,
				CB47541828ADC48500719AE5 /* Release */,
			);
			defaultConfigurationIsVisible = 0;
			defaultConfigurationName = Release;
		};
/* End XCConfigurationList section */
	};
	rootObject = CB4753E428ADC48400719AE5 /* Project object */;
}
