// !$*UTF8*$!
{
	archiveVersion = 1;
	classes = {
	};
	objectVersion = 55;
	objects = {

/* Begin PBXBuildFile section */
		CB4753F028ADC48400719AE5 /* Spaminataro202208App.swift in Sources */ = {isa = PBXBuildFile; fileRef = CB4753EF28ADC48400719AE5 /* Spaminataro202208App.swift */; };
		CB4753F228ADC48400719AE5 /* ContentView.swift in Sources */ = {isa = PBXBuildFile; fileRef = CB4753F128ADC48400719AE5 /* ContentView.swift */; };
		CB4753F428ADC48500719AE5 /* Assets.xcassets in Resources */ = {isa = PBXBuildFile; fileRef = CB4753F328ADC48500719AE5 /* Assets.xcassets */; };
		CB4753F728ADC48500719AE5 /* Preview Assets.xcassets in Resources */ = {isa = PBXBuildFile; fileRef = CB4753F628ADC48500719AE5 /* Preview Assets.xcassets */; };
		CB47540128ADC48500719AE5 /* Spaminataro202208Tests.swift in Sources */ = {isa = PBXBuildFile; fileRef = CB47540028ADC48500719AE5 /* Spaminataro202208Tests.swift */; };
		CB47540B28ADC48500719AE5 /* Spaminataro202208UITests.swift in Sources */ = {isa = PBXBuildFile; fileRef = CB47540A28ADC48500719AE5 /* Spaminataro202208UITests.swift */; };
		CB47540D28ADC48500719AE5 /* Spaminataro202208UITestsLaunchTests.swift in Sources */ = {isa = PBXBuildFile; fileRef = CB47540C28ADC48500719AE5 /* Spaminataro202208UITestsLaunchTests.swift */; };
/* End PBXBuildFile section */

/* Begin PBXContainerItemProxy section */
		CB4753FD28ADC48500719AE5 /* PBXContainerItemProxy */ = {
			isa = PBXContainerItemProxy;
			containerPortal = CB4753E428ADC48400719AE5 /* Project object */;
			proxyType = 1;
			remoteGlobalIDString = CB4753EB28ADC48400719AE5;
			remoteInfo = Spaminataro202208;
		};
		CB47540728ADC48500719AE5 /* PBXContainerItemProxy */ = {
			isa = PBXContainerItemProxy;
			containerPortal = CB4753E428ADC48400719AE5 /* Project object */;
			proxyType = 1;
			remoteGlobalIDString = CB4753EB28ADC48400719AE5;
			remoteInfo = Spaminataro202208;
		};
/* End PBXContainerItemProxy section */

/* Begin PBXFileReference section */
		CB4753EC28ADC48400719AE5 /* Spaminataro202208.app */ = {isa = PBXFileReference; explicitFileType = wrapper.application; includeInIndex = 0; path = Spaminataro202208.app; sourceTree = BUILT_PRODUCTS_DIR; };
		CB4753EF28ADC48400719AE5 /* Spaminataro202208App.swift */ = {isa = PBXFileReference; lastKnownFileType = sourcecode.swift; path = Spaminataro202208App.swift; sourceTree = "<group>"; };
		CB4753F128ADC48400719AE5 /* ContentView.swift */ = {isa = PBXFileReference; lastKnownFileType = sourcecode.swift; path = ContentView.swift; sourceTree = "<group>"; };
		CB4753F328ADC48500719AE5 /* Assets.xcassets */ = {isa = PBXFileReference; lastKnownFileType = folder.assetcatalog; path = Assets.xcassets; sourceTree = "<group>"; };
		CB4753F628ADC48500719AE5 /* Preview Assets.xcassets */ = {isa = PBXFileReference; lastKnownFileType = folder.assetcatalog; path = "Preview Assets.xcassets"; sourceTree = "<group>"; };
		CB4753FC28ADC48500719AE5 /* Spaminataro202208Tests.xctest */ = {isa = PBXFileReference; explicitFileType = wrapper.cfbundle; includeInIndex = 0; path = Spaminataro202208Tests.xctest; sourceTree = BUILT_PRODUCTS_DIR; };
		CB47540028ADC48500719AE5 /* Spaminataro202208Tests.swift */ = {isa = PBXFileReference; lastKnownFileType = sourcecode.swift; path = Spaminataro202208Tests.swift; sourceTree = "<group>"; };
		CB47540628ADC48500719AE5 /* Spaminataro202208UITests.xctest */ = {isa = PBXFileReference; explicitFileType = wrapper.cfbundle; includeInIndex = 0; path = Spaminataro202208UITests.xctest; sourceTree = BUILT_PRODUCTS_DIR; };
		CB47540A28ADC48500719AE5 /* Spaminataro202208UITests.swift */ = {isa = PBXFileReference; lastKnownFileType = sourcecode.swift; path = Spaminataro202208UITests.swift; sourceTree = "<group>"; };
		CB47540C28ADC48500719AE5 /* Spaminataro202208UITestsLaunchTests.swift */ = {isa = PBXFileReference; lastKnownFileType = sourcecode.swift; path = Spaminataro202208UITestsLaunchTests.swift; sourceTree = "<group>"; };
/* End PBXFileReference section */

/* Begin PBXFrameworksBuildPhase section */
		CB4753E928ADC48400719AE5 /* Frameworks */ = {
			isa = PBXFrameworksBuildPhase;
			buildActionMask = 2147483647;
			files = (
			);
			runOnlyForDeploymentPostprocessing = 0;
		};
		CB4753F928ADC48500719AE5 /* Frameworks */ = {
			isa = PBXFrameworksBuildPhase;
			buildActionMask = 2147483647;
			files = (
			);
			runOnlyForDeploymentPostprocessing = 0;
		};
		CB47540328ADC48500719AE5 /* Frameworks */ = {
			isa = PBXFrameworksBuildPhase;
			buildActionMask = 2147483647;
			files = (
			);
			runOnlyForDeploymentPostprocessing = 0;
		};
/* End PBXFrameworksBuildPhase section */

/* Begin PBXGroup section */
		CB4753E328ADC48400719AE5 = {
			isa = PBXGroup;
			children = (
				CB4753EE28ADC48400719AE5 /* Spaminataro202208 */,
				CB4753FF28ADC48500719AE5 /* Spaminataro202208Tests */,
				CB47540928ADC48500719AE5 /* Spaminataro202208UITests */,
				CB4753ED28ADC48400719AE5 /* Products */,
			);
			sourceTree = "<group>";
		};
		CB4753ED28ADC48400719AE5 /* Products */ = {
			isa = PBXGroup;
			children = (
				CB4753EC28ADC48400719AE5 /* Spaminataro202208.app */,
				CB4753FC28ADC48500719AE5 /* Spaminataro202208Tests.xctest */,
				CB47540628ADC48500719AE5 /* Spaminataro202208UITests.xctest */,
			);
			name = Products;
			sourceTree = "<group>";
		};
		CB4753EE28ADC48400719AE5 /* Spaminataro202208 */ = {
			isa = PBXGroup;
			children = (
				CB4753EF28ADC48400719AE5 /* Spaminataro202208App.swift */,
				CB4753F128ADC48400719AE5 /* ContentView.swift */,
				CB4753F328ADC48500719AE5 /* Assets.xcassets */,
				CB4753F528ADC48500719AE5 /* Preview Content */,
			);
			path = Spaminataro202208;
			sourceTree = "<group>";
		};
		CB4753F528ADC48500719AE5 /* Preview Content */ = {
			isa = PBXGroup;
			children = (
				CB4753F628ADC48500719AE5 /* Preview Assets.xcassets */,
			);
			path = "Preview Content";
			sourceTree = "<group>";
		};
		CB4753FF28ADC48500719AE5 /* Spaminataro202208Tests */ = {
			isa = PBXGroup;
			children = (
				CB47540028ADC48500719AE5 /* Spaminataro202208Tests.swift */,
			);
			path = Spaminataro202208Tests;
			sourceTree = "<group>";
		};
		CB47540928ADC48500719AE5 /* Spaminataro202208UITests */ = {
			isa = PBXGroup;
			children = (
				CB47540A28ADC48500719AE5 /* Spaminataro202208UITests.swift */,
				CB47540C28ADC48500719AE5 /* Spaminataro202208UITestsLaunchTests.swift */,
			);
			path = Spaminataro202208UITests;
			sourceTree = "<group>";
		};
/* End PBXGroup section */

/* Begin PBXNativeTarget section */
		CB4753EB28ADC48400719AE5 /* Spaminataro202208 */ = {
			isa = PBXNativeTarget;
			buildConfigurationList = CB47541028ADC48500719AE5 /* Build configuration list for PBXNativeTarget "Spaminataro202208" */;
			buildPhases = (
				CB4753E828ADC48400719AE5 /* Sources */,
				CB4753E928ADC48400719AE5 /* Frameworks */,
				CB4753EA28ADC48400719AE5 /* Resources */,
			);
			buildRules = (
			);
			dependencies = (
			);
			name = Spaminataro202208;
			productName = Spaminataro202208;
			productReference = CB4753EC28ADC48400719AE5 /* Spaminataro202208.app */;
			productType = "com.apple.product-type.application";
		};
		CB4753FB28ADC48500719AE5 /* Spaminataro202208Tests */ = {
			isa = PBXNativeTarget;
			buildConfigurationList = CB47541328ADC48500719AE5 /* Build configuration list for PBXNativeTarget "Spaminataro202208Tests" */;
			buildPhases = (
				CB4753F828ADC48500719AE5 /* Sources */,
				CB4753F928ADC48500719AE5 /* Frameworks */,
				CB4753FA28ADC48500719AE5 /* Resources */,
			);
			buildRules = (
			);
			dependencies = (
				CB4753FE28ADC48500719AE5 /* PBXTargetDependency */,
			);
			name = Spaminataro202208Tests;
			productName = Spaminataro202208Tests;
			productReference = CB4753FC28ADC48500719AE5 /* Spaminataro202208Tests.xctest */;
			productType = "com.apple.product-type.bundle.unit-test";
		};
		CB47540528ADC48500719AE5 /* Spaminataro202208UITests */ = {
			isa = PBXNativeTarget;
			buildConfigurationList = CB47541628ADC48500719AE5 /* Build configuration list for PBXNativeTarget "Spaminataro202208UITests" */;
			buildPhases = (
				CB47540228ADC48500719AE5 /* Sources */,
				CB47540328ADC48500719AE5 /* Frameworks */,
				CB47540428ADC48500719AE5 /* Resources */,
			);
			buildRules = (
			);
			dependencies = (
				CB47540828ADC48500719AE5 /* PBXTargetDependency */,
			);
			name = Spaminataro202208UITests;
			productName = Spaminataro202208UITests;
			productReference = CB47540628ADC48500719AE5 /* Spaminataro202208UITests.xctest */;
			productType = "com.apple.product-type.bundle.ui-testing";
		};
/* End PBXNativeTarget section */

/* Begin PBXProject section */
		CB4753E428ADC48400719AE5 /* Project object */ = {
			isa = PBXProject;
			attributes = {
				BuildIndependentTargetsInParallel = 1;
				LastSwiftUpdateCheck = 1330;
				LastUpgradeCheck = 1330;
				TargetAttributes = {
					CB4753EB28ADC48400719AE5 = {
						CreatedOnToolsVersion = 13.3.1;
					};
					CB4753FB28ADC48500719AE5 = {
						CreatedOnToolsVersion = 13.3.1;
						TestTargetID = CB4753EB28ADC48400719AE5;
					};
					CB47540528ADC48500719AE5 = {
						CreatedOnToolsVersion = 13.3.1;
						TestTargetID = CB4753EB28ADC48400719AE5;
					};
				};
			};
			buildConfigurationList = CB4753E728ADC48400719AE5 /* Build configuration list for PBXProject "Spaminataro202208" */;
			compatibilityVersion = "Xcode 13.0";
			developmentRegion = en;
			hasScannedForEncodings = 0;
			knownRegions = (
				en,
				Base,
			);
			mainGroup = CB4753E328ADC48400719AE5;
			productRefGroup = CB4753ED28ADC48400719AE5 /* Products */;
			projectDirPath = "";
			projectRoot = "";
			targets = (
				CB4753EB28ADC48400719AE5 /* Spaminataro202208 */,
				CB4753FB28ADC48500719AE5 /* Spaminataro202208Tests */,
				CB47540528ADC48500719AE5 /* Spaminataro202208UITests */,
			);
		};
/* End PBXProject section */

/* Begin PBXResourcesBuildPhase section */
		CB4753EA28ADC48400719AE5 /* Resources */ = {
			isa = PBXResourcesBuildPhase;
			buildActionMask = 2147483647;
			files = (
				CB4753F728ADC48500719AE5 /* Preview Assets.xcassets in Resources */,
				CB4753F428ADC48500719AE5 /* Assets.xcassets in Resources */,
			);
			runOnlyForDeploymentPostprocessing = 0;
		};
		CB4753FA28ADC48500719AE5 /* Resources */ = {
			isa = PBXResourcesBuildPhase;
			buildActionMask = 2147483647;
			files = (
			);
			runOnlyForDeploymentPostprocessing = 0;
		};
		CB47540428ADC48500719AE5 /* Resources */ = {
			isa = PBXResourcesBuildPhase;
			buildActionMask = 2147483647;
			files = (
			);
			runOnlyForDeploymentPostprocessing = 0;
		};
/* End PBXResourcesBuildPhase section */

/* Begin PBXSourcesBuildPhase section */
		CB4753E828ADC48400719AE5 /* Sources */ = {
			isa = PBXSourcesBuildPhase;
			buildActionMask = 2147483647;
			files = (
				CB4753F228ADC48400719AE5 /* ContentView.swift in Sources */,
				CB4753F028ADC48400719AE5 /* Spaminataro202208App.swift in Sources */,
			);
			runOnlyForDeploymentPostprocessing = 0;
		};
		CB4753F828ADC48500719AE5 /* Sources */ = {
			isa = PBXSourcesBuildPhase;
			buildActionMask = 2147483647;
			files = (
				CB47540128ADC48500719AE5 /* Spaminataro202208Tests.swift in Sources */,
			);
			runOnlyForDeploymentPostprocessing = 0;
		};
		CB47540228ADC48500719AE5 /* Sources */ = {
			isa = PBXSourcesBuildPhase;
			buildActionMask = 2147483647;
			files = (
				CB47540D28ADC48500719AE5 /* Spaminataro202208UITestsLaunchTests.swift in Sources */,
				CB47540B28ADC48500719AE5 /* Spaminataro202208UITests.swift in Sources */,
			);
			runOnlyForDeploymentPostprocessing = 0;
		};
/* End PBXSourcesBuildPhase section */

/* Begin PBXTargetDependency section */
		CB4753FE28ADC48500719AE5 /* PBXTargetDependency */ = {
			isa = PBXTargetDependency;
			target = CB4753EB28ADC48400719AE5 /* Spaminataro202208 */;
			targetProxy = CB4753FD28ADC48500719AE5 /* PBXContainerItemProxy */;
		};
		CB47540828ADC48500719AE5 /* PBXTargetDependency */ = {
			isa = PBXTargetDependency;
			target = CB4753EB28ADC48400719AE5 /* Spaminataro202208 */;
			targetProxy = CB47540728ADC48500719AE5 /* PBXContainerItemProxy */;
		};
/* End PBXTargetDependency section */

/* Begin XCBuildConfiguration section */
		CB47540E28ADC48500719AE5 /* Debug */ = {
			isa = XCBuildConfiguration;
			buildSettings = {
				ALWAYS_SEARCH_USER_PATHS = NO;
				CLANG_ANALYZER_NONNULL = YES;
				CLANG_ANALYZER_NUMBER_OBJECT_CONVERSION = YES_AGGRESSIVE;
				CLANG_CXX_LANGUAGE_STANDARD = "gnu++17";
				CLANG_ENABLE_MODULES = YES;
				CLANG_ENABLE_OBJC_ARC = YES;
				CLANG_ENABLE_OBJC_WEAK = YES;
				CLANG_WARN_BLOCK_CAPTURE_AUTORELEASING = YES;
				CLANG_WARN_BOOL_CONVERSION = YES;
				CLANG_WARN_COMMA = YES;
				CLANG_WARN_CONSTANT_CONVERSION = YES;
				CLANG_WARN_DEPRECATED_OBJC_IMPLEMENTATIONS = YES;
				CLANG_WARN_DIRECT_OBJC_ISA_USAGE = YES_ERROR;
				CLANG_WARN_DOCUMENTATION_COMMENTS = YES;
				CLANG_WARN_EMPTY_BODY = YES;
				CLANG_WARN_ENUM_CONVERSION = YES;
				CLANG_WARN_INFINITE_RECURSION = YES;
				CLANG_WARN_INT_CONVERSION = YES;
				CLANG_WARN_NON_LITERAL_NULL_CONVERSION = YES;
				CLANG_WARN_OBJC_IMPLICIT_RETAIN_SELF = YES;
				CLANG_WARN_OBJC_LITERAL_CONVERSION = YES;
				CLANG_WARN_OBJC_ROOT_CLASS = YES_ERROR;
				CLANG_WARN_QUOTED_INCLUDE_IN_FRAMEWORK_HEADER = YES;
				CLANG_WARN_RANGE_LOOP_ANALYSIS = YES;
				CLANG_WARN_STRICT_PROTOTYPES = YES;
				CLANG_WARN_SUSPICIOUS_MOVE = YES;
				CLANG_WARN_UNGUARDED_AVAILABILITY = YES_AGGRESSIVE;
				CLANG_WARN_UNREACHABLE_CODE = YES;
				CLANG_WARN__DUPLICATE_METHOD_MATCH = YES;
				COPY_PHASE_STRIP = NO;
				DEBUG_INFORMATION_FORMAT = dwarf;
				ENABLE_STRICT_OBJC_MSGSEND = YES;
				ENABLE_TESTABILITY = YES;
				GCC_C_LANGUAGE_STANDARD = gnu11;
				GCC_DYNAMIC_NO_PIC = NO;
				GCC_NO_COMMON_BLOCKS = YES;
				GCC_OPTIMIZATION_LEVEL = 0;
				GCC_PREPROCESSOR_DEFINITIONS = (
					"DEBUG=1",
					"$(inherited)",
				);
				GCC_WARN_64_TO_32_BIT_CONVERSION = YES;
				GCC_WARN_ABOUT_RETURN_TYPE = YES_ERROR;
				GCC_WARN_UNDECLARED_SELECTOR = YES;
				GCC_WARN_UNINITIALIZED_AUTOS = YES_AGGRESSIVE;
				GCC_WARN_UNUSED_FUNCTION = YES;
				GCC_WARN_UNUSED_VARIABLE = YES;
				IPHONEOS_DEPLOYMENT_TARGET = 15.4;
				MTL_ENABLE_DEBUG_INFO = INCLUDE_SOURCE;
				MTL_FAST_MATH = YES;
				ONLY_ACTIVE_ARCH = YES;
				SDKROOT = iphoneos;
				SWIFT_ACTIVE_COMPILATION_CONDITIONS = DEBUG;
				SWIFT_OPTIMIZATION_LEVEL = "-Onone";
			};
			name = Debug;
		};
		CB47540F28ADC48500719AE5 /* Release */ = {
			isa = XCBuildConfiguration;
			buildSettings = {
				ALWAYS_SEARCH_USER_PATHS = NO;
				CLANG_ANALYZER_NONNULL = YES;
				CLANG_ANALYZER_NUMBER_OBJECT_CONVERSION = YES_AGGRESSIVE;
				CLANG_CXX_LANGUAGE_STANDARD = "gnu++17";
				CLANG_ENABLE_MODULES = YES;
				CLANG_ENABLE_OBJC_ARC = YES;
				CLANG_ENABLE_OBJC_WEAK = YES;
				CLANG_WARN_BLOCK_CAPTURE_AUTORELEASING = YES;
				CLANG_WARN_BOOL_CONVERSION = YES;
				CLANG_WARN_COMMA = YES;
				CLANG_WARN_CONSTANT_CONVERSION = YES;
				CLANG_WARN_DEPRECATED_OBJC_IMPLEMENTATIONS = YES;
				CLANG_WARN_DIRECT_OBJC_ISA_USAGE = YES_ERROR;
				CLANG_WARN_DOCUMENTATION_COMMENTS = YES;
				CLANG_WARN_EMPTY_BODY = YES;
				CLANG_WARN_ENUM_CONVERSION = YES;
				CLANG_WARN_INFINITE_RECURSION = YES;
				CLANG_WARN_INT_CONVERSION = YES;
				CLANG_WARN_NON_LITERAL_NULL_CONVERSION = YES;
				CLANG_WARN_OBJC_IMPLICIT_RETAIN_SELF = YES;
				CLANG_WARN_OBJC_LITERAL_CONVERSION = YES;
				CLANG_WARN_OBJC_ROOT_CLASS = YES_ERROR;
				CLANG_WARN_QUOTED_INCLUDE_IN_FRAMEWORK_HEADER = YES;
				CLANG_WARN_RANGE_LOOP_ANALYSIS = YES;
				CLANG_WARN_STRICT_PROTOTYPES = YES;
				CLANG_WARN_SUSPICIOUS_MOVE = YES;
				CLANG_WARN_UNGUARDED_AVAILABILITY = YES_AGGRESSIVE;
				CLANG_WARN_UNREACHABLE_CODE = YES;
				CLANG_WARN__DUPLICATE_METHOD_MATCH = YES;
				COPY_PHASE_STRIP = NO;
				DEBUG_INFORMATION_FORMAT = "dwarf-with-dsym";
				ENABLE_NS_ASSERTIONS = NO;
				ENABLE_STRICT_OBJC_MSGSEND = YES;
				GCC_C_LANGUAGE_STANDARD = gnu11;
				GCC_NO_COMMON_BLOCKS = YES;
				GCC_WARN_64_TO_32_BIT_CONVERSION = YES;
				GCC_WARN_ABOUT_RETURN_TYPE = YES_ERROR;
				GCC_WARN_UNDECLARED_SELECTOR = YES;
				GCC_WARN_UNINITIALIZED_AUTOS = YES_AGGRESSIVE;
				GCC_WARN_UNUSED_FUNCTION = YES;
				GCC_WARN_UNUSED_VARIABLE = YES;
				IPHONEOS_DEPLOYMENT_TARGET = 15.4;
				MTL_ENABLE_DEBUG_INFO = NO;
				MTL_FAST_MATH = YES;
				SDKROOT = iphoneos;
				SWIFT_COMPILATION_MODE = wholemodule;
				SWIFT_OPTIMIZATION_LEVEL = "-O";
				VALIDATE_PRODUCT = YES;
			};
			name = Release;
		};
		CB47541128ADC48500719AE5 /* Debug */ = {
			isa = XCBuildConfiguration;
			buildSettings = {
				ASSETCATALOG_COMPILER_APPICON_NAME = AppIcon;
				ASSETCATALOG_COMPILER_GLOBAL_ACCENT_COLOR_NAME = AccentColor;
				CODE_SIGN_STYLE = Automatic;
				CURRENT_PROJECT_VERSION = 1;
				DEVELOPMENT_ASSET_PATHS = "\"Spaminataro202208/Preview Content\"";
				DEVELOPMENT_TEAM = 6L95GP9HQV;
				ENABLE_PREVIEWS = YES;
				GENERATE_INFOPLIST_FILE = YES;
				INFOPLIST_KEY_UIApplicationSceneManifest_Generation = YES;
				INFOPLIST_KEY_UIApplicationSupportsIndirectInputEvents = YES;
				INFOPLIST_KEY_UILaunchScreen_Generation = YES;
				INFOPLIST_KEY_UISupportedInterfaceOrientations_iPad = "UIInterfaceOrientationPortrait UIInterfaceOrientationPortraitUpsideDown UIInterfaceOrientationLandscapeLeft UIInterfaceOrientationLandscapeRight";
				INFOPLIST_KEY_UISupportedInterfaceOrientations_iPhone = "UIInterfaceOrientationPortrait UIInterfaceOrientationLandscapeLeft UIInterfaceOrientationLandscapeRight";
				LD_RUNPATH_SEARCH_PATHS = (
					"$(inherited)",
					"@executable_path/Frameworks",
				);
				MARKETING_VERSION = 1.0;
				PRODUCT_BUNDLE_IDENTIFIER = tomsan96.Spaminataro202208;
				PRODUCT_NAME = "$(TARGET_NAME)";
				SWIFT_EMIT_LOC_STRINGS = YES;
				SWIFT_VERSION = 5.0;
				TARGETED_DEVICE_FAMILY = "1,2";
			};
			name = Debug;
		};
		CB47541228ADC48500719AE5 /* Release */ = {
			isa = XCBuildConfiguration;
			buildSettings = {
				ASSETCATALOG_COMPILER_APPICON_NAME = AppIcon;
				ASSETCATALOG_COMPILER_GLOBAL_ACCENT_COLOR_NAME = AccentColor;
				CODE_SIGN_STYLE = Automatic;
				CURRENT_PROJECT_VERSION = 1;
				DEVELOPMENT_ASSET_PATHS = "\"Spaminataro202208/Preview Content\"";
				DEVELOPMENT_TEAM = 6L95GP9HQV;
				ENABLE_PREVIEWS = YES;
				GENERATE_INFOPLIST_FILE = YES;
				INFOPLIST_KEY_UIApplicationSceneManifest_Generation = YES;
				INFOPLIST_KEY_UIApplicationSupportsIndirectInputEvents = YES;
				INFOPLIST_KEY_UILaunchScreen_Generation = YES;
				INFOPLIST_KEY_UISupportedInterfaceOrientations_iPad = "UIInterfaceOrientationPortrait UIInterfaceOrientationPortraitUpsideDown UIInterfaceOrientationLandscapeLeft UIInterfaceOrientationLandscapeRight";
				INFOPLIST_KEY_UISupportedInterfaceOrientations_iPhone = "UIInterfaceOrientationPortrait UIInterfaceOrientationLandscapeLeft UIInterfaceOrientationLandscapeRight";
				LD_RUNPATH_SEARCH_PATHS = (
					"$(inherited)",
					"@executable_path/Frameworks",
				);
				MARKETING_VERSION = 1.0;
				PRODUCT_BUNDLE_IDENTIFIER = tomsan96.Spaminataro202208;
				PRODUCT_NAME = "$(TARGET_NAME)";
				SWIFT_EMIT_LOC_STRINGS = YES;
				SWIFT_VERSION = 5.0;
				TARGETED_DEVICE_FAMILY = "1,2";
			};
			name = Release;
		};
		CB47541428ADC48500719AE5 /* Debug */ = {
			isa = XCBuildConfiguration;
			buildSettings = {
				ALWAYS_EMBED_SWIFT_STANDARD_LIBRARIES = YES;
				BUNDLE_LOADER = "$(TEST_HOST)";
				CODE_SIGN_STYLE = Automatic;
				CURRENT_PROJECT_VERSION = 1;
				DEVELOPMENT_TEAM = 6L95GP9HQV;
				GENERATE_INFOPLIST_FILE = YES;
				IPHONEOS_DEPLOYMENT_TARGET = 15.4;
				MARKETING_VERSION = 1.0;
				PRODUCT_BUNDLE_IDENTIFIER = tomsan96.Spaminataro202208Tests;
				PRODUCT_NAME = "$(TARGET_NAME)";
				SWIFT_EMIT_LOC_STRINGS = NO;
				SWIFT_VERSION = 5.0;
				TARGETED_DEVICE_FAMILY = "1,2";
				TEST_HOST = "$(BUILT_PRODUCTS_DIR)/Spaminataro202208.app/Spaminataro202208";
			};
			name = Debug;
		};
		CB47541528ADC48500719AE5 /* Release */ = {
			isa = XCBuildConfiguration;
			buildSettings = {
				ALWAYS_EMBED_SWIFT_STANDARD_LIBRARIES = YES;
				BUNDLE_LOADER = "$(TEST_HOST)";
				CODE_SIGN_STYLE = Automatic;
				CURRENT_PROJECT_VERSION = 1;
				DEVELOPMENT_TEAM = 6L95GP9HQV;
				GENERATE_INFOPLIST_FILE = YES;
				IPHONEOS_DEPLOYMENT_TARGET = 15.4;
				MARKETING_VERSION = 1.0;
				PRODUCT_BUNDLE_IDENTIFIER = tomsan96.Spaminataro202208Tests;
				PRODUCT_NAME = "$(TARGET_NAME)";
				SWIFT_EMIT_LOC_STRINGS = NO;
				SWIFT_VERSION = 5.0;
				TARGETED_DEVICE_FAMILY = "1,2";
				TEST_HOST = "$(BUILT_PRODUCTS_DIR)/Spaminataro202208.app/Spaminataro202208";
			};
			name = Release;
		};
		CB47541728ADC48500719AE5 /* Debug */ = {
			isa = XCBuildConfiguration;
			buildSettings = {
				ALWAYS_EMBED_SWIFT_STANDARD_LIBRARIES = YES;
				CODE_SIGN_STYLE = Automatic;
				CURRENT_PROJECT_VERSION = 1;
				DEVELOPMENT_TEAM = 6L95GP9HQV;
				GENERATE_INFOPLIST_FILE = YES;
				MARKETING_VERSION = 1.0;
				PRODUCT_BUNDLE_IDENTIFIER = tomsan96.Spaminataro202208UITests;
				PRODUCT_NAME = "$(TARGET_NAME)";
				SWIFT_EMIT_LOC_STRINGS = NO;
				SWIFT_VERSION = 5.0;
				TARGETED_DEVICE_FAMILY = "1,2";
				TEST_TARGET_NAME = Spaminataro202208;
			};
			name = Debug;
		};
		CB47541828ADC48500719AE5 /* Release */ = {
			isa = XCBuildConfiguration;
			buildSettings = {
				ALWAYS_EMBED_SWIFT_STANDARD_LIBRARIES = YES;
				CODE_SIGN_STYLE = Automatic;
				CURRENT_PROJECT_VERSION = 1;
				DEVELOPMENT_TEAM = 6L95GP9HQV;
				GENERATE_INFOPLIST_FILE = YES;
				MARKETING_VERSION = 1.0;
				PRODUCT_BUNDLE_IDENTIFIER = tomsan96.Spaminataro202208UITests;
				PRODUCT_NAME = "$(TARGET_NAME)";
				SWIFT_EMIT_LOC_STRINGS = NO;
				SWIFT_VERSION = 5.0;
				TARGETED_DEVICE_FAMILY = "1,2";
				TEST_TARGET_NAME = Spaminataro202208;
			};
			name = Release;
		};
/* End XCBuildConfiguration section */

/* Begin XCConfigurationList section */
		CB4753E728ADC48400719AE5 /* Build configuration list for PBXProject "Spaminataro202208" */ = {
			isa = XCConfigurationList;
			buildConfigurations = (
				CB47540E28ADC48500719AE5 /* Debug */,
				CB47540F28ADC48500719AE5 /* Release */,
			);
			defaultConfigurationIsVisible = 0;
			defaultConfigurationName = Release;
		};
		CB47541028ADC48500719AE5 /* Build configuration list for PBXNativeTarget "Spaminataro202208" */ = {
			isa = XCConfigurationList;
			buildConfigurations = (
				CB47541128ADC48500719AE5 /* Debug */,
				CB47541228ADC48500719AE5 /* Release */,
			);
			defaultConfigurationIsVisible = 0;
			defaultConfigurationName = Release;
		};
		CB47541328ADC48500719AE5 /* Build configuration list for PBXNativeTarget "Spaminataro202208Tests" */ = {
			isa = XCConfigurationList;
			buildConfigurations = (
				CB47541428ADC48500719AE5 /* Debug */,
				CB47541528ADC48500719AE5 /* Release */,
			);
			defaultConfigurationIsVisible = 0;
			defaultConfigurationName = Release;
		};
		CB47541628ADC48500719AE5 /* Build configuration list for PBXNativeTarget "Spaminataro202208UITests" */ = {
			isa = XCConfigurationList;
			buildConfigurations = (
				CB47541728ADC48500719AE5 /* Debug */,
				CB47541828ADC48500719AE5 /* Release */,
			);
			defaultConfigurationIsVisible = 0;
			defaultConfigurationName = Release;
		};
/* End XCConfigurationList section */
	};
	rootObject = CB4753E428ADC48400719AE5 /* Project object */;
}
